// !$*UTF8*$!
{
	archiveVersion = 1;
	classes = {
	};
	objectVersion = 77;
	objects = {

/* Begin PBXBuildFile section */
		56B3B3642CB1A4710008C9DB /* ServiceManagement.framework in Frameworks */ = {isa = PBXBuildFile; fileRef = 56B3B3632CB1A4710008C9DB /* ServiceManagement.framework */; };
		56C787D32CB3D79800166348 /* PublicIPHelper.app in Embed Foundation Extensions */ = {isa = PBXBuildFile; fileRef = 561E3F4F2CB3CBC7004707E6 /* PublicIPHelper.app */; settings = {ATTRIBUTES = (RemoveHeadersOnCopy, ); }; };
/* End PBXBuildFile section */

/* Begin PBXContainerItemProxy section */
		561E3F602CB3CBC9004707E6 /* PBXContainerItemProxy */ = {
			isa = PBXContainerItemProxy;
			containerPortal = 56B3B32C2CB19BEC0008C9DB /* Project object */;
			proxyType = 1;
			remoteGlobalIDString = 561E3F4E2CB3CBC7004707E6;
			remoteInfo = PublicIPHelper;
		};
		561E3F6A2CB3CBC9004707E6 /* PBXContainerItemProxy */ = {
			isa = PBXContainerItemProxy;
			containerPortal = 56B3B32C2CB19BEC0008C9DB /* Project object */;
			proxyType = 1;
			remoteGlobalIDString = 561E3F4E2CB3CBC7004707E6;
			remoteInfo = PublicIPHelper;
		};
		561E3F812CB3D269004707E6 /* PBXContainerItemProxy */ = {
			isa = PBXContainerItemProxy;
			containerPortal = 56B3B32C2CB19BEC0008C9DB /* Project object */;
			proxyType = 1;
			remoteGlobalIDString = 561E3F4E2CB3CBC7004707E6;
			remoteInfo = PublicIPHelper;
		};
		561E3F832CB3D292004707E6 /* PBXContainerItemProxy */ = {
			isa = PBXContainerItemProxy;
			containerPortal = 56B3B32C2CB19BEC0008C9DB /* Project object */;
			proxyType = 1;
			remoteGlobalIDString = 561E3F4E2CB3CBC7004707E6;
			remoteInfo = PublicIPHelper;
		};
		561E3F852CB3D2B7004707E6 /* PBXContainerItemProxy */ = {
			isa = PBXContainerItemProxy;
			containerPortal = 56B3B32C2CB19BEC0008C9DB /* Project object */;
			proxyType = 1;
			remoteGlobalIDString = 561E3F4E2CB3CBC7004707E6;
			remoteInfo = PublicIPHelper;
		};
		561E3F872CB3D2F1004707E6 /* PBXContainerItemProxy */ = {
			isa = PBXContainerItemProxy;
			containerPortal = 56B3B32C2CB19BEC0008C9DB /* Project object */;
			proxyType = 1;
			remoteGlobalIDString = 561E3F4E2CB3CBC7004707E6;
			remoteInfo = PublicIPHelper;
		};
		561E3F892CB3D435004707E6 /* PBXContainerItemProxy */ = {
			isa = PBXContainerItemProxy;
			containerPortal = 56B3B32C2CB19BEC0008C9DB /* Project object */;
			proxyType = 1;
			remoteGlobalIDString = 561E3F4E2CB3CBC7004707E6;
			remoteInfo = PublicIPHelper;
		};
		56B3B3462CB19BEF0008C9DB /* PBXContainerItemProxy */ = {
			isa = PBXContainerItemProxy;
			containerPortal = 56B3B32C2CB19BEC0008C9DB /* Project object */;
			proxyType = 1;
			remoteGlobalIDString = 56B3B3332CB19BED0008C9DB;
			remoteInfo = PublicIPToolbar;
		};
		56B3B3502CB19BF00008C9DB /* PBXContainerItemProxy */ = {
			isa = PBXContainerItemProxy;
			containerPortal = 56B3B32C2CB19BEC0008C9DB /* Project object */;
			proxyType = 1;
			remoteGlobalIDString = 56B3B3332CB19BED0008C9DB;
			remoteInfo = PublicIPToolbar;
		};
		56C787D02CB3D45B00166348 /* PBXContainerItemProxy */ = {
			isa = PBXContainerItemProxy;
			containerPortal = 56B3B32C2CB19BEC0008C9DB /* Project object */;
			proxyType = 1;
			remoteGlobalIDString = 561E3F4E2CB3CBC7004707E6;
			remoteInfo = PublicIPHelper;
		};
/* End PBXContainerItemProxy section */

/* Begin PBXCopyFilesBuildPhase section */
		561C776F2CB1C67700E4A87D /* Embed Foundation Extensions */ = {
			isa = PBXCopyFilesBuildPhase;
			buildActionMask = 2147483647;
			dstPath = Contents/Library/LoginItems;
			dstSubfolderSpec = 1;
			files = (
				56C787D32CB3D79800166348 /* PublicIPHelper.app in Embed Foundation Extensions */,
			);
			name = "Embed Foundation Extensions";
			runOnlyForDeploymentPostprocessing = 0;
		};
/* End PBXCopyFilesBuildPhase section */

/* Begin PBXFileReference section */
		561C77612CB1C67700E4A87D /* Cocoa.framework */ = {isa = PBXFileReference; lastKnownFileType = wrapper.framework; name = Cocoa.framework; path = System/Library/Frameworks/Cocoa.framework; sourceTree = SDKROOT; };
		561E3F4F2CB3CBC7004707E6 /* PublicIPHelper.app */ = {isa = PBXFileReference; explicitFileType = wrapper.application; includeInIndex = 0; path = PublicIPHelper.app; sourceTree = BUILT_PRODUCTS_DIR; };
		561E3F5F2CB3CBC9004707E6 /* PublicIPHelperTests.xctest */ = {isa = PBXFileReference; explicitFileType = wrapper.cfbundle; includeInIndex = 0; path = PublicIPHelperTests.xctest; sourceTree = BUILT_PRODUCTS_DIR; };
		561E3F692CB3CBC9004707E6 /* PublicIPHelperUITests.xctest */ = {isa = PBXFileReference; explicitFileType = wrapper.cfbundle; includeInIndex = 0; path = PublicIPHelperUITests.xctest; sourceTree = BUILT_PRODUCTS_DIR; };
		56B3B3342CB19BED0008C9DB /* PublicIPToolbar.app */ = {isa = PBXFileReference; explicitFileType = wrapper.application; includeInIndex = 0; path = PublicIPToolbar.app; sourceTree = BUILT_PRODUCTS_DIR; };
		56B3B3452CB19BEF0008C9DB /* PublicIPToolbarTests.xctest */ = {isa = PBXFileReference; explicitFileType = wrapper.cfbundle; includeInIndex = 0; path = PublicIPToolbarTests.xctest; sourceTree = BUILT_PRODUCTS_DIR; };
		56B3B34F2CB19BF00008C9DB /* PublicIPToolbarUITests.xctest */ = {isa = PBXFileReference; explicitFileType = wrapper.cfbundle; includeInIndex = 0; path = PublicIPToolbarUITests.xctest; sourceTree = BUILT_PRODUCTS_DIR; };
		56B3B3632CB1A4710008C9DB /* ServiceManagement.framework */ = {isa = PBXFileReference; lastKnownFileType = wrapper.framework; name = ServiceManagement.framework; path = System/Library/Frameworks/ServiceManagement.framework; sourceTree = SDKROOT; };
/* End PBXFileReference section */

/* Begin PBXFileSystemSynchronizedBuildFileExceptionSet section */
		56C637582CB2785F0024D572 /* Exceptions for "PublicIPToolbar" folder in "PublicIPToolbar" target */ = {
			isa = PBXFileSystemSynchronizedBuildFileExceptionSet;
			membershipExceptions = (
				Info.plist,
			);
			target = 56B3B3332CB19BED0008C9DB /* PublicIPToolbar */;
		};
/* End PBXFileSystemSynchronizedBuildFileExceptionSet section */

/* Begin PBXFileSystemSynchronizedRootGroup section */
		561E3F502CB3CBC7004707E6 /* PublicIPHelper */ = {
			isa = PBXFileSystemSynchronizedRootGroup;
			path = PublicIPHelper;
			sourceTree = "<group>";
		};
		561E3F622CB3CBC9004707E6 /* PublicIPHelperTests */ = {
			isa = PBXFileSystemSynchronizedRootGroup;
			path = PublicIPHelperTests;
			sourceTree = "<group>";
		};
		561E3F6C2CB3CBC9004707E6 /* PublicIPHelperUITests */ = {
			isa = PBXFileSystemSynchronizedRootGroup;
			path = PublicIPHelperUITests;
			sourceTree = "<group>";
		};
		56B3B3362CB19BED0008C9DB /* PublicIPToolbar */ = {
			isa = PBXFileSystemSynchronizedRootGroup;
			exceptions = (
				56C637582CB2785F0024D572 /* Exceptions for "PublicIPToolbar" folder in "PublicIPToolbar" target */,
			);
			path = PublicIPToolbar;
			sourceTree = "<group>";
		};
		56B3B3482CB19BEF0008C9DB /* PublicIPToolbarTests */ = {
			isa = PBXFileSystemSynchronizedRootGroup;
			path = PublicIPToolbarTests;
			sourceTree = "<group>";
		};
		56B3B3522CB19BF00008C9DB /* PublicIPToolbarUITests */ = {
			isa = PBXFileSystemSynchronizedRootGroup;
			path = PublicIPToolbarUITests;
			sourceTree = "<group>";
		};
/* End PBXFileSystemSynchronizedRootGroup section */

/* Begin PBXFrameworksBuildPhase section */
		561E3F4C2CB3CBC7004707E6 /* Frameworks */ = {
			isa = PBXFrameworksBuildPhase;
			buildActionMask = 2147483647;
			files = (
			);
			runOnlyForDeploymentPostprocessing = 0;
		};
		561E3F5C2CB3CBC9004707E6 /* Frameworks */ = {
			isa = PBXFrameworksBuildPhase;
			buildActionMask = 2147483647;
			files = (
			);
			runOnlyForDeploymentPostprocessing = 0;
		};
		561E3F662CB3CBC9004707E6 /* Frameworks */ = {
			isa = PBXFrameworksBuildPhase;
			buildActionMask = 2147483647;
			files = (
			);
			runOnlyForDeploymentPostprocessing = 0;
		};
		56B3B3312CB19BED0008C9DB /* Frameworks */ = {
			isa = PBXFrameworksBuildPhase;
			buildActionMask = 2147483647;
			files = (
				56B3B3642CB1A4710008C9DB /* ServiceManagement.framework in Frameworks */,
			);
			runOnlyForDeploymentPostprocessing = 0;
		};
		56B3B3422CB19BEF0008C9DB /* Frameworks */ = {
			isa = PBXFrameworksBuildPhase;
			buildActionMask = 2147483647;
			files = (
			);
			runOnlyForDeploymentPostprocessing = 0;
		};
		56B3B34C2CB19BF00008C9DB /* Frameworks */ = {
			isa = PBXFrameworksBuildPhase;
			buildActionMask = 2147483647;
			files = (
			);
			runOnlyForDeploymentPostprocessing = 0;
		};
/* End PBXFrameworksBuildPhase section */

/* Begin PBXGroup section */
		56B3B32B2CB19BEC0008C9DB = {
			isa = PBXGroup;
			children = (
				56B3B3362CB19BED0008C9DB /* PublicIPToolbar */,
				56B3B3482CB19BEF0008C9DB /* PublicIPToolbarTests */,
				56B3B3522CB19BF00008C9DB /* PublicIPToolbarUITests */,
				561E3F502CB3CBC7004707E6 /* PublicIPHelper */,
				561E3F622CB3CBC9004707E6 /* PublicIPHelperTests */,
				561E3F6C2CB3CBC9004707E6 /* PublicIPHelperUITests */,
				56B3B3622CB1A4710008C9DB /* Frameworks */,
				56B3B3352CB19BED0008C9DB /* Products */,
			);
			sourceTree = "<group>";
		};
		56B3B3352CB19BED0008C9DB /* Products */ = {
			isa = PBXGroup;
			children = (
				56B3B3342CB19BED0008C9DB /* PublicIPToolbar.app */,
				56B3B3452CB19BEF0008C9DB /* PublicIPToolbarTests.xctest */,
				56B3B34F2CB19BF00008C9DB /* PublicIPToolbarUITests.xctest */,
				561E3F4F2CB3CBC7004707E6 /* PublicIPHelper.app */,
				561E3F5F2CB3CBC9004707E6 /* PublicIPHelperTests.xctest */,
				561E3F692CB3CBC9004707E6 /* PublicIPHelperUITests.xctest */,
			);
			name = Products;
			sourceTree = "<group>";
		};
		56B3B3622CB1A4710008C9DB /* Frameworks */ = {
			isa = PBXGroup;
			children = (
				56B3B3632CB1A4710008C9DB /* ServiceManagement.framework */,
				561C77612CB1C67700E4A87D /* Cocoa.framework */,
			);
			name = Frameworks;
			sourceTree = "<group>";
		};
/* End PBXGroup section */

/* Begin PBXNativeTarget section */
		561E3F4E2CB3CBC7004707E6 /* PublicIPHelper */ = {
			isa = PBXNativeTarget;
			buildConfigurationList = 561E3F712CB3CBC9004707E6 /* Build configuration list for PBXNativeTarget "PublicIPHelper" */;
			buildPhases = (
				561E3F4B2CB3CBC7004707E6 /* Sources */,
				561E3F4C2CB3CBC7004707E6 /* Frameworks */,
				561E3F4D2CB3CBC7004707E6 /* Resources */,
			);
			buildRules = (
			);
			dependencies = (
			);
			fileSystemSynchronizedGroups = (
				561E3F502CB3CBC7004707E6 /* PublicIPHelper */,
			);
			name = PublicIPHelper;
			packageProductDependencies = (
			);
			productName = PublicIPHelper;
			productReference = 561E3F4F2CB3CBC7004707E6 /* PublicIPHelper.app */;
			productType = "com.apple.product-type.application";
		};
		561E3F5E2CB3CBC9004707E6 /* PublicIPHelperTests */ = {
			isa = PBXNativeTarget;
			buildConfigurationList = 561E3F742CB3CBC9004707E6 /* Build configuration list for PBXNativeTarget "PublicIPHelperTests" */;
			buildPhases = (
				561E3F5B2CB3CBC9004707E6 /* Sources */,
				561E3F5C2CB3CBC9004707E6 /* Frameworks */,
				561E3F5D2CB3CBC9004707E6 /* Resources */,
			);
			buildRules = (
			);
			dependencies = (
				561E3F612CB3CBC9004707E6 /* PBXTargetDependency */,
			);
			fileSystemSynchronizedGroups = (
				561E3F622CB3CBC9004707E6 /* PublicIPHelperTests */,
			);
			name = PublicIPHelperTests;
			packageProductDependencies = (
			);
			productName = PublicIPHelperTests;
			productReference = 561E3F5F2CB3CBC9004707E6 /* PublicIPHelperTests.xctest */;
			productType = "com.apple.product-type.bundle.unit-test";
		};
		561E3F682CB3CBC9004707E6 /* PublicIPHelperUITests */ = {
			isa = PBXNativeTarget;
			buildConfigurationList = 561E3F772CB3CBC9004707E6 /* Build configuration list for PBXNativeTarget "PublicIPHelperUITests" */;
			buildPhases = (
				561E3F652CB3CBC9004707E6 /* Sources */,
				561E3F662CB3CBC9004707E6 /* Frameworks */,
				561E3F672CB3CBC9004707E6 /* Resources */,
			);
			buildRules = (
			);
			dependencies = (
				561E3F6B2CB3CBC9004707E6 /* PBXTargetDependency */,
			);
			fileSystemSynchronizedGroups = (
				561E3F6C2CB3CBC9004707E6 /* PublicIPHelperUITests */,
			);
			name = PublicIPHelperUITests;
			packageProductDependencies = (
			);
			productName = PublicIPHelperUITests;
			productReference = 561E3F692CB3CBC9004707E6 /* PublicIPHelperUITests.xctest */;
			productType = "com.apple.product-type.bundle.ui-testing";
		};
		56B3B3332CB19BED0008C9DB /* PublicIPToolbar */ = {
			isa = PBXNativeTarget;
			buildConfigurationList = 56B3B3592CB19BF00008C9DB /* Build configuration list for PBXNativeTarget "PublicIPToolbar" */;
			buildPhases = (
				56B3B3302CB19BED0008C9DB /* Sources */,
				56B3B3312CB19BED0008C9DB /* Frameworks */,
				56B3B3322CB19BED0008C9DB /* Resources */,
				561C776F2CB1C67700E4A87D /* Embed Foundation Extensions */,
			);
			buildRules = (
			);
			dependencies = (
				561E3F822CB3D269004707E6 /* PBXTargetDependency */,
				561E3F842CB3D292004707E6 /* PBXTargetDependency */,
				561E3F862CB3D2B7004707E6 /* PBXTargetDependency */,
				561E3F882CB3D2F1004707E6 /* PBXTargetDependency */,
				561E3F8A2CB3D435004707E6 /* PBXTargetDependency */,
				56C787D12CB3D45B00166348 /* PBXTargetDependency */,
			);
			fileSystemSynchronizedGroups = (
				56B3B3362CB19BED0008C9DB /* PublicIPToolbar */,
			);
			name = PublicIPToolbar;
			packageProductDependencies = (
			);
			productName = PublicIPToolbar;
			productReference = 56B3B3342CB19BED0008C9DB /* PublicIPToolbar.app */;
			productType = "com.apple.product-type.application";
		};
		56B3B3442CB19BEF0008C9DB /* PublicIPToolbarTests */ = {
			isa = PBXNativeTarget;
			buildConfigurationList = 56B3B35C2CB19BF00008C9DB /* Build configuration list for PBXNativeTarget "PublicIPToolbarTests" */;
			buildPhases = (
				56B3B3412CB19BEF0008C9DB /* Sources */,
				56B3B3422CB19BEF0008C9DB /* Frameworks */,
				56B3B3432CB19BEF0008C9DB /* Resources */,
			);
			buildRules = (
			);
			dependencies = (
				56B3B3472CB19BEF0008C9DB /* PBXTargetDependency */,
			);
			fileSystemSynchronizedGroups = (
				56B3B3482CB19BEF0008C9DB /* PublicIPToolbarTests */,
			);
			name = PublicIPToolbarTests;
			packageProductDependencies = (
			);
			productName = PublicIPToolbarTests;
			productReference = 56B3B3452CB19BEF0008C9DB /* PublicIPToolbarTests.xctest */;
			productType = "com.apple.product-type.bundle.unit-test";
		};
		56B3B34E2CB19BF00008C9DB /* PublicIPToolbarUITests */ = {
			isa = PBXNativeTarget;
			buildConfigurationList = 56B3B35F2CB19BF00008C9DB /* Build configuration list for PBXNativeTarget "PublicIPToolbarUITests" */;
			buildPhases = (
				56B3B34B2CB19BF00008C9DB /* Sources */,
				56B3B34C2CB19BF00008C9DB /* Frameworks */,
				56B3B34D2CB19BF00008C9DB /* Resources */,
			);
			buildRules = (
			);
			dependencies = (
				56B3B3512CB19BF00008C9DB /* PBXTargetDependency */,
			);
			fileSystemSynchronizedGroups = (
				56B3B3522CB19BF00008C9DB /* PublicIPToolbarUITests */,
			);
			name = PublicIPToolbarUITests;
			packageProductDependencies = (
			);
			productName = PublicIPToolbarUITests;
			productReference = 56B3B34F2CB19BF00008C9DB /* PublicIPToolbarUITests.xctest */;
			productType = "com.apple.product-type.bundle.ui-testing";
		};
/* End PBXNativeTarget section */

/* Begin PBXProject section */
		56B3B32C2CB19BEC0008C9DB /* Project object */ = {
			isa = PBXProject;
			attributes = {
				BuildIndependentTargetsInParallel = 1;
				LastSwiftUpdateCheck = 1600;
				LastUpgradeCheck = 1610;
				TargetAttributes = {
					561E3F4E2CB3CBC7004707E6 = {
						CreatedOnToolsVersion = 16.0;
					};
					561E3F5E2CB3CBC9004707E6 = {
						CreatedOnToolsVersion = 16.0;
						TestTargetID = 561E3F4E2CB3CBC7004707E6;
					};
					561E3F682CB3CBC9004707E6 = {
						CreatedOnToolsVersion = 16.0;
						TestTargetID = 561E3F4E2CB3CBC7004707E6;
					};
					56B3B3332CB19BED0008C9DB = {
						CreatedOnToolsVersion = 16.0;
					};
					56B3B3442CB19BEF0008C9DB = {
						CreatedOnToolsVersion = 16.0;
						TestTargetID = 56B3B3332CB19BED0008C9DB;
					};
					56B3B34E2CB19BF00008C9DB = {
						CreatedOnToolsVersion = 16.0;
						TestTargetID = 56B3B3332CB19BED0008C9DB;
					};
				};
			};
			buildConfigurationList = 56B3B32F2CB19BEC0008C9DB /* Build configuration list for PBXProject "PublicIPToolbar" */;
			developmentRegion = en;
			hasScannedForEncodings = 0;
			knownRegions = (
				en,
				Base,
			);
			mainGroup = 56B3B32B2CB19BEC0008C9DB;
			minimizedProjectReferenceProxies = 1;
			preferredProjectObjectVersion = 77;
			productRefGroup = 56B3B3352CB19BED0008C9DB /* Products */;
			projectDirPath = "";
			projectRoot = "";
			targets = (
				56B3B3332CB19BED0008C9DB /* PublicIPToolbar */,
				56B3B3442CB19BEF0008C9DB /* PublicIPToolbarTests */,
				56B3B34E2CB19BF00008C9DB /* PublicIPToolbarUITests */,
				561E3F4E2CB3CBC7004707E6 /* PublicIPHelper */,
				561E3F5E2CB3CBC9004707E6 /* PublicIPHelperTests */,
				561E3F682CB3CBC9004707E6 /* PublicIPHelperUITests */,
			);
		};
/* End PBXProject section */

/* Begin PBXResourcesBuildPhase section */
		561E3F4D2CB3CBC7004707E6 /* Resources */ = {
			isa = PBXResourcesBuildPhase;
			buildActionMask = 2147483647;
			files = (
			);
			runOnlyForDeploymentPostprocessing = 0;
		};
		561E3F5D2CB3CBC9004707E6 /* Resources */ = {
			isa = PBXResourcesBuildPhase;
			buildActionMask = 2147483647;
			files = (
			);
			runOnlyForDeploymentPostprocessing = 0;
		};
		561E3F672CB3CBC9004707E6 /* Resources */ = {
			isa = PBXResourcesBuildPhase;
			buildActionMask = 2147483647;
			files = (
			);
			runOnlyForDeploymentPostprocessing = 0;
		};
		56B3B3322CB19BED0008C9DB /* Resources */ = {
			isa = PBXResourcesBuildPhase;
			buildActionMask = 2147483647;
			files = (
			);
			runOnlyForDeploymentPostprocessing = 0;
		};
		56B3B3432CB19BEF0008C9DB /* Resources */ = {
			isa = PBXResourcesBuildPhase;
			buildActionMask = 2147483647;
			files = (
			);
			runOnlyForDeploymentPostprocessing = 0;
		};
		56B3B34D2CB19BF00008C9DB /* Resources */ = {
			isa = PBXResourcesBuildPhase;
			buildActionMask = 2147483647;
			files = (
			);
			runOnlyForDeploymentPostprocessing = 0;
		};
/* End PBXResourcesBuildPhase section */

/* Begin PBXSourcesBuildPhase section */
		561E3F4B2CB3CBC7004707E6 /* Sources */ = {
			isa = PBXSourcesBuildPhase;
			buildActionMask = 2147483647;
			files = (
			);
			runOnlyForDeploymentPostprocessing = 0;
		};
		561E3F5B2CB3CBC9004707E6 /* Sources */ = {
			isa = PBXSourcesBuildPhase;
			buildActionMask = 2147483647;
			files = (
			);
			runOnlyForDeploymentPostprocessing = 0;
		};
		561E3F652CB3CBC9004707E6 /* Sources */ = {
			isa = PBXSourcesBuildPhase;
			buildActionMask = 2147483647;
			files = (
			);
			runOnlyForDeploymentPostprocessing = 0;
		};
		56B3B3302CB19BED0008C9DB /* Sources */ = {
			isa = PBXSourcesBuildPhase;
			buildActionMask = 2147483647;
			files = (
			);
			runOnlyForDeploymentPostprocessing = 0;
		};
		56B3B3412CB19BEF0008C9DB /* Sources */ = {
			isa = PBXSourcesBuildPhase;
			buildActionMask = 2147483647;
			files = (
			);
			runOnlyForDeploymentPostprocessing = 0;
		};
		56B3B34B2CB19BF00008C9DB /* Sources */ = {
			isa = PBXSourcesBuildPhase;
			buildActionMask = 2147483647;
			files = (
			);
			runOnlyForDeploymentPostprocessing = 0;
		};
/* End PBXSourcesBuildPhase section */

/* Begin PBXTargetDependency section */
		561E3F612CB3CBC9004707E6 /* PBXTargetDependency */ = {
			isa = PBXTargetDependency;
			target = 561E3F4E2CB3CBC7004707E6 /* PublicIPHelper */;
			targetProxy = 561E3F602CB3CBC9004707E6 /* PBXContainerItemProxy */;
		};
		561E3F6B2CB3CBC9004707E6 /* PBXTargetDependency */ = {
			isa = PBXTargetDependency;
			target = 561E3F4E2CB3CBC7004707E6 /* PublicIPHelper */;
			targetProxy = 561E3F6A2CB3CBC9004707E6 /* PBXContainerItemProxy */;
		};
		561E3F822CB3D269004707E6 /* PBXTargetDependency */ = {
			isa = PBXTargetDependency;
			target = 561E3F4E2CB3CBC7004707E6 /* PublicIPHelper */;
			targetProxy = 561E3F812CB3D269004707E6 /* PBXContainerItemProxy */;
		};
		561E3F842CB3D292004707E6 /* PBXTargetDependency */ = {
			isa = PBXTargetDependency;
			target = 561E3F4E2CB3CBC7004707E6 /* PublicIPHelper */;
			targetProxy = 561E3F832CB3D292004707E6 /* PBXContainerItemProxy */;
		};
		561E3F862CB3D2B7004707E6 /* PBXTargetDependency */ = {
			isa = PBXTargetDependency;
			target = 561E3F4E2CB3CBC7004707E6 /* PublicIPHelper */;
			targetProxy = 561E3F852CB3D2B7004707E6 /* PBXContainerItemProxy */;
		};
		561E3F882CB3D2F1004707E6 /* PBXTargetDependency */ = {
			isa = PBXTargetDependency;
			target = 561E3F4E2CB3CBC7004707E6 /* PublicIPHelper */;
			targetProxy = 561E3F872CB3D2F1004707E6 /* PBXContainerItemProxy */;
		};
		561E3F8A2CB3D435004707E6 /* PBXTargetDependency */ = {
			isa = PBXTargetDependency;
			target = 561E3F4E2CB3CBC7004707E6 /* PublicIPHelper */;
			targetProxy = 561E3F892CB3D435004707E6 /* PBXContainerItemProxy */;
		};
		56B3B3472CB19BEF0008C9DB /* PBXTargetDependency */ = {
			isa = PBXTargetDependency;
			target = 56B3B3332CB19BED0008C9DB /* PublicIPToolbar */;
			targetProxy = 56B3B3462CB19BEF0008C9DB /* PBXContainerItemProxy */;
		};
		56B3B3512CB19BF00008C9DB /* PBXTargetDependency */ = {
			isa = PBXTargetDependency;
			target = 56B3B3332CB19BED0008C9DB /* PublicIPToolbar */;
			targetProxy = 56B3B3502CB19BF00008C9DB /* PBXContainerItemProxy */;
		};
		56C787D12CB3D45B00166348 /* PBXTargetDependency */ = {
			isa = PBXTargetDependency;
			target = 561E3F4E2CB3CBC7004707E6 /* PublicIPHelper */;
			targetProxy = 56C787D02CB3D45B00166348 /* PBXContainerItemProxy */;
		};
/* End PBXTargetDependency section */

/* Begin XCBuildConfiguration section */
		561E3F722CB3CBC9004707E6 /* Debug */ = {
			isa = XCBuildConfiguration;
			buildSettings = {
				ASSETCATALOG_COMPILER_APPICON_NAME = AppIcon;
				ASSETCATALOG_COMPILER_GLOBAL_ACCENT_COLOR_NAME = AccentColor;
				CODE_SIGN_ENTITLEMENTS = PublicIPHelper/PublicIPHelper.entitlements;
				CODE_SIGN_STYLE = Automatic;
				COMBINE_HIDPI_IMAGES = YES;
				CURRENT_PROJECT_VERSION = 1;
				DEAD_CODE_STRIPPING = YES;
				DEVELOPMENT_ASSET_PATHS = "\"PublicIPHelper/Preview Content\"";
				DEVELOPMENT_TEAM = B3N35J72F6;
				ENABLE_HARDENED_RUNTIME = YES;
				ENABLE_PREVIEWS = YES;
				GENERATE_INFOPLIST_FILE = YES;
				INFOPLIST_KEY_CFBundleDisplayName = "My Public IP Helper";
				INFOPLIST_KEY_LSApplicationCategoryType = "public.app-category.utilities";
				INFOPLIST_KEY_LSUIElement = YES;
				INFOPLIST_KEY_NSHumanReadableCopyright = "";
				LD_RUNPATH_SEARCH_PATHS = (
					"$(inherited)",
					"@executable_path/../Frameworks",
				);
				MARKETING_VERSION = 1.0;
				PRODUCT_BUNDLE_IDENTIFIER = uk.co.freshsauce.PublicIPHelper;
				PRODUCT_NAME = "$(TARGET_NAME)";
				SWIFT_EMIT_LOC_STRINGS = YES;
				SWIFT_VERSION = 5.0;
			};
			name = Debug;
		};
		561E3F732CB3CBC9004707E6 /* Release */ = {
			isa = XCBuildConfiguration;
			buildSettings = {
				ASSETCATALOG_COMPILER_APPICON_NAME = AppIcon;
				ASSETCATALOG_COMPILER_GLOBAL_ACCENT_COLOR_NAME = AccentColor;
				CODE_SIGN_ENTITLEMENTS = PublicIPHelper/PublicIPHelper.entitlements;
				CODE_SIGN_STYLE = Automatic;
				COMBINE_HIDPI_IMAGES = YES;
				CURRENT_PROJECT_VERSION = 1;
				DEAD_CODE_STRIPPING = YES;
				DEVELOPMENT_ASSET_PATHS = "\"PublicIPHelper/Preview Content\"";
				DEVELOPMENT_TEAM = B3N35J72F6;
				ENABLE_HARDENED_RUNTIME = YES;
				ENABLE_PREVIEWS = YES;
				GENERATE_INFOPLIST_FILE = YES;
				INFOPLIST_KEY_CFBundleDisplayName = "My Public IP Helper";
				INFOPLIST_KEY_LSApplicationCategoryType = "public.app-category.utilities";
				INFOPLIST_KEY_LSUIElement = YES;
				INFOPLIST_KEY_NSHumanReadableCopyright = "";
				LD_RUNPATH_SEARCH_PATHS = (
					"$(inherited)",
					"@executable_path/../Frameworks",
				);
				MARKETING_VERSION = 1.0;
				PRODUCT_BUNDLE_IDENTIFIER = uk.co.freshsauce.PublicIPHelper;
				PRODUCT_NAME = "$(TARGET_NAME)";
				SWIFT_EMIT_LOC_STRINGS = YES;
				SWIFT_VERSION = 5.0;
			};
			name = Release;
		};
		561E3F752CB3CBC9004707E6 /* Debug */ = {
			isa = XCBuildConfiguration;
			buildSettings = {
				BUNDLE_LOADER = "$(TEST_HOST)";
				CODE_SIGN_STYLE = Automatic;
				CURRENT_PROJECT_VERSION = 1;
				DEAD_CODE_STRIPPING = YES;
				DEVELOPMENT_TEAM = B3N35J72F6;
				GENERATE_INFOPLIST_FILE = YES;
				MACOSX_DEPLOYMENT_TARGET = 15.0;
				MARKETING_VERSION = 1.0;
				PRODUCT_BUNDLE_IDENTIFIER = freshsauce.co.uk.PublicIPHelperTests;
				PRODUCT_NAME = "$(TARGET_NAME)";
				SWIFT_EMIT_LOC_STRINGS = NO;
				SWIFT_VERSION = 5.0;
				TEST_HOST = "$(BUILT_PRODUCTS_DIR)/PublicIPHelper.app/$(BUNDLE_EXECUTABLE_FOLDER_PATH)/PublicIPHelper";
			};
			name = Debug;
		};
		561E3F762CB3CBC9004707E6 /* Release */ = {
			isa = XCBuildConfiguration;
			buildSettings = {
				BUNDLE_LOADER = "$(TEST_HOST)";
				CODE_SIGN_STYLE = Automatic;
				CURRENT_PROJECT_VERSION = 1;
				DEAD_CODE_STRIPPING = YES;
				DEVELOPMENT_TEAM = B3N35J72F6;
				GENERATE_INFOPLIST_FILE = YES;
				MACOSX_DEPLOYMENT_TARGET = 15.0;
				MARKETING_VERSION = 1.0;
				PRODUCT_BUNDLE_IDENTIFIER = freshsauce.co.uk.PublicIPHelperTests;
				PRODUCT_NAME = "$(TARGET_NAME)";
				SWIFT_EMIT_LOC_STRINGS = NO;
				SWIFT_VERSION = 5.0;
				TEST_HOST = "$(BUILT_PRODUCTS_DIR)/PublicIPHelper.app/$(BUNDLE_EXECUTABLE_FOLDER_PATH)/PublicIPHelper";
			};
			name = Release;
		};
		561E3F782CB3CBC9004707E6 /* Debug */ = {
			isa = XCBuildConfiguration;
			buildSettings = {
				CODE_SIGN_STYLE = Automatic;
				CURRENT_PROJECT_VERSION = 1;
				DEAD_CODE_STRIPPING = YES;
				DEVELOPMENT_TEAM = B3N35J72F6;
				GENERATE_INFOPLIST_FILE = YES;
				MARKETING_VERSION = 1.0;
				PRODUCT_BUNDLE_IDENTIFIER = freshsauce.co.uk.PublicIPHelperUITests;
				PRODUCT_NAME = "$(TARGET_NAME)";
				SWIFT_EMIT_LOC_STRINGS = NO;
				SWIFT_VERSION = 5.0;
				TEST_TARGET_NAME = PublicIPHelper;
			};
			name = Debug;
		};
		561E3F792CB3CBC9004707E6 /* Release */ = {
			isa = XCBuildConfiguration;
			buildSettings = {
				CODE_SIGN_STYLE = Automatic;
				CURRENT_PROJECT_VERSION = 1;
				DEAD_CODE_STRIPPING = YES;
				DEVELOPMENT_TEAM = B3N35J72F6;
				GENERATE_INFOPLIST_FILE = YES;
				MARKETING_VERSION = 1.0;
				PRODUCT_BUNDLE_IDENTIFIER = freshsauce.co.uk.PublicIPHelperUITests;
				PRODUCT_NAME = "$(TARGET_NAME)";
				SWIFT_EMIT_LOC_STRINGS = NO;
				SWIFT_VERSION = 5.0;
				TEST_TARGET_NAME = PublicIPHelper;
			};
			name = Release;
		};
		56B3B3572CB19BF00008C9DB /* Debug */ = {
			isa = XCBuildConfiguration;
			buildSettings = {
				ALWAYS_SEARCH_USER_PATHS = NO;
				ASSETCATALOG_COMPILER_GENERATE_SWIFT_ASSET_SYMBOL_EXTENSIONS = YES;
				CLANG_ANALYZER_NONNULL = YES;
				CLANG_ANALYZER_NUMBER_OBJECT_CONVERSION = YES_AGGRESSIVE;
				CLANG_CXX_LANGUAGE_STANDARD = "gnu++20";
				CLANG_ENABLE_MODULES = YES;
				CLANG_ENABLE_OBJC_ARC = YES;
				CLANG_ENABLE_OBJC_WEAK = YES;
				CLANG_WARN_BLOCK_CAPTURE_AUTORELEASING = YES;
				CLANG_WARN_BOOL_CONVERSION = YES;
				CLANG_WARN_COMMA = YES;
				CLANG_WARN_CONSTANT_CONVERSION = YES;
				CLANG_WARN_DEPRECATED_OBJC_IMPLEMENTATIONS = YES;
				CLANG_WARN_DIRECT_OBJC_ISA_USAGE = YES_ERROR;
				CLANG_WARN_DOCUMENTATION_COMMENTS = YES;
				CLANG_WARN_EMPTY_BODY = YES;
				CLANG_WARN_ENUM_CONVERSION = YES;
				CLANG_WARN_INFINITE_RECURSION = YES;
				CLANG_WARN_INT_CONVERSION = YES;
				CLANG_WARN_NON_LITERAL_NULL_CONVERSION = YES;
				CLANG_WARN_OBJC_IMPLICIT_RETAIN_SELF = YES;
				CLANG_WARN_OBJC_LITERAL_CONVERSION = YES;
				CLANG_WARN_OBJC_ROOT_CLASS = YES_ERROR;
				CLANG_WARN_QUOTED_INCLUDE_IN_FRAMEWORK_HEADER = YES;
				CLANG_WARN_RANGE_LOOP_ANALYSIS = YES;
				CLANG_WARN_STRICT_PROTOTYPES = YES;
				CLANG_WARN_SUSPICIOUS_MOVE = YES;
				CLANG_WARN_UNGUARDED_AVAILABILITY = YES_AGGRESSIVE;
				CLANG_WARN_UNREACHABLE_CODE = YES;
				CLANG_WARN__DUPLICATE_METHOD_MATCH = YES;
				CODE_SIGN_IDENTITY = "Apple Development";
				COPY_PHASE_STRIP = NO;
				DEAD_CODE_STRIPPING = YES;
				DEBUG_INFORMATION_FORMAT = dwarf;
				ENABLE_STRICT_OBJC_MSGSEND = YES;
				ENABLE_TESTABILITY = YES;
				ENABLE_USER_SCRIPT_SANDBOXING = YES;
				GCC_C_LANGUAGE_STANDARD = gnu17;
				GCC_DYNAMIC_NO_PIC = NO;
				GCC_NO_COMMON_BLOCKS = YES;
				GCC_OPTIMIZATION_LEVEL = 0;
				GCC_PREPROCESSOR_DEFINITIONS = (
					"DEBUG=1",
					"$(inherited)",
				);
				GCC_WARN_64_TO_32_BIT_CONVERSION = YES;
				GCC_WARN_ABOUT_RETURN_TYPE = YES_ERROR;
				GCC_WARN_UNDECLARED_SELECTOR = YES;
				GCC_WARN_UNINITIALIZED_AUTOS = YES_AGGRESSIVE;
				GCC_WARN_UNUSED_FUNCTION = YES;
				GCC_WARN_UNUSED_VARIABLE = YES;
				INFOPLIST_KEY_LSUIElement = YES;
				LOCALIZATION_PREFERS_STRING_CATALOGS = YES;
				MACOSX_DEPLOYMENT_TARGET = 15.0;
				MTL_ENABLE_DEBUG_INFO = INCLUDE_SOURCE;
				MTL_FAST_MATH = YES;
				ONLY_ACTIVE_ARCH = NO;
				SDKROOT = macosx;
				SWIFT_ACTIVE_COMPILATION_CONDITIONS = "DEBUG $(inherited)";
				SWIFT_OPTIMIZATION_LEVEL = "-Onone";
			};
			name = Debug;
		};
		56B3B3582CB19BF00008C9DB /* Release */ = {
			isa = XCBuildConfiguration;
			buildSettings = {
				ALWAYS_SEARCH_USER_PATHS = NO;
				ASSETCATALOG_COMPILER_GENERATE_SWIFT_ASSET_SYMBOL_EXTENSIONS = YES;
				CLANG_ANALYZER_NONNULL = YES;
				CLANG_ANALYZER_NUMBER_OBJECT_CONVERSION = YES_AGGRESSIVE;
				CLANG_CXX_LANGUAGE_STANDARD = "gnu++20";
				CLANG_ENABLE_MODULES = YES;
				CLANG_ENABLE_OBJC_ARC = YES;
				CLANG_ENABLE_OBJC_WEAK = YES;
				CLANG_WARN_BLOCK_CAPTURE_AUTORELEASING = YES;
				CLANG_WARN_BOOL_CONVERSION = YES;
				CLANG_WARN_COMMA = YES;
				CLANG_WARN_CONSTANT_CONVERSION = YES;
				CLANG_WARN_DEPRECATED_OBJC_IMPLEMENTATIONS = YES;
				CLANG_WARN_DIRECT_OBJC_ISA_USAGE = YES_ERROR;
				CLANG_WARN_DOCUMENTATION_COMMENTS = YES;
				CLANG_WARN_EMPTY_BODY = YES;
				CLANG_WARN_ENUM_CONVERSION = YES;
				CLANG_WARN_INFINITE_RECURSION = YES;
				CLANG_WARN_INT_CONVERSION = YES;
				CLANG_WARN_NON_LITERAL_NULL_CONVERSION = YES;
				CLANG_WARN_OBJC_IMPLICIT_RETAIN_SELF = YES;
				CLANG_WARN_OBJC_LITERAL_CONVERSION = YES;
				CLANG_WARN_OBJC_ROOT_CLASS = YES_ERROR;
				CLANG_WARN_QUOTED_INCLUDE_IN_FRAMEWORK_HEADER = YES;
				CLANG_WARN_RANGE_LOOP_ANALYSIS = YES;
				CLANG_WARN_STRICT_PROTOTYPES = YES;
				CLANG_WARN_SUSPICIOUS_MOVE = YES;
				CLANG_WARN_UNGUARDED_AVAILABILITY = YES_AGGRESSIVE;
				CLANG_WARN_UNREACHABLE_CODE = YES;
				CLANG_WARN__DUPLICATE_METHOD_MATCH = YES;
				CODE_SIGN_IDENTITY = "Apple Development";
				COPY_PHASE_STRIP = NO;
				DEAD_CODE_STRIPPING = YES;
				DEBUG_INFORMATION_FORMAT = "dwarf-with-dsym";
				ENABLE_NS_ASSERTIONS = NO;
				ENABLE_STRICT_OBJC_MSGSEND = YES;
				ENABLE_USER_SCRIPT_SANDBOXING = YES;
				GCC_C_LANGUAGE_STANDARD = gnu17;
				GCC_NO_COMMON_BLOCKS = YES;
				GCC_WARN_64_TO_32_BIT_CONVERSION = YES;
				GCC_WARN_ABOUT_RETURN_TYPE = YES_ERROR;
				GCC_WARN_UNDECLARED_SELECTOR = YES;
				GCC_WARN_UNINITIALIZED_AUTOS = YES_AGGRESSIVE;
				GCC_WARN_UNUSED_FUNCTION = YES;
				GCC_WARN_UNUSED_VARIABLE = YES;
				INFOPLIST_KEY_LSUIElement = YES;
				LOCALIZATION_PREFERS_STRING_CATALOGS = YES;
				MACOSX_DEPLOYMENT_TARGET = 15.0;
				MTL_ENABLE_DEBUG_INFO = NO;
				MTL_FAST_MATH = YES;
				ONLY_ACTIVE_ARCH = NO;
				SDKROOT = macosx;
				SWIFT_COMPILATION_MODE = wholemodule;
			};
			name = Release;
		};
		56B3B35A2CB19BF00008C9DB /* Debug */ = {
			isa = XCBuildConfiguration;
			buildSettings = {
				ASSETCATALOG_COMPILER_APPICON_NAME = AppIcon;
				ASSETCATALOG_COMPILER_GLOBAL_ACCENT_COLOR_NAME = AccentColor;
				CODE_SIGN_ENTITLEMENTS = PublicIPToolbar/PublicIPToolbar.entitlements;
				CODE_SIGN_IDENTITY = "Apple Development";
				"CODE_SIGN_IDENTITY[sdk=macosx*]" = "Apple Development";
				CODE_SIGN_STYLE = Automatic;
				COMBINE_HIDPI_IMAGES = YES;
				CURRENT_PROJECT_VERSION = 1;
				DEAD_CODE_STRIPPING = YES;
				DEVELOPMENT_ASSET_PATHS = "\"PublicIPToolbar/Preview Content\"";
				DEVELOPMENT_TEAM = B3N35J72F6;
				ENABLE_HARDENED_RUNTIME = YES;
				ENABLE_PREVIEWS = YES;
				GENERATE_INFOPLIST_FILE = YES;
				INFOPLIST_FILE = PublicIPToolbar/Info.plist;
				INFOPLIST_KEY_CFBundleDisplayName = "My Public IP";
				INFOPLIST_KEY_LSApplicationCategoryType = "public.app-category.utilities";
				INFOPLIST_KEY_LSUIElement = YES;
				INFOPLIST_KEY_NSHumanReadableCopyright = "";
				LD_RUNPATH_SEARCH_PATHS = (
					"$(inherited)",
					"@executable_path/../Frameworks",
				);
				MARKETING_VERSION = 1.0;
				PRODUCT_BUNDLE_IDENTIFIER = uk.co.freshsauce.PublicIPToolbar;
				PRODUCT_NAME = "$(TARGET_NAME)";
				PROVISIONING_PROFILE_SPECIFIER = "";
				SWIFT_EMIT_LOC_STRINGS = YES;
				SWIFT_VERSION = 5.0;
			};
			name = Debug;
		};
		56B3B35B2CB19BF00008C9DB /* Release */ = {
			isa = XCBuildConfiguration;
			buildSettings = {
				ASSETCATALOG_COMPILER_APPICON_NAME = AppIcon;
				ASSETCATALOG_COMPILER_GLOBAL_ACCENT_COLOR_NAME = AccentColor;
				CODE_SIGN_ENTITLEMENTS = PublicIPToolbar/PublicIPToolbar.entitlements;
				CODE_SIGN_IDENTITY = "Apple Development";
				"CODE_SIGN_IDENTITY[sdk=macosx*]" = "Apple Development";
				CODE_SIGN_STYLE = Automatic;
				COMBINE_HIDPI_IMAGES = YES;
				CURRENT_PROJECT_VERSION = 1;
				DEAD_CODE_STRIPPING = YES;
				DEVELOPMENT_ASSET_PATHS = "\"PublicIPToolbar/Preview Content\"";
				DEVELOPMENT_TEAM = B3N35J72F6;
				ENABLE_HARDENED_RUNTIME = YES;
				ENABLE_PREVIEWS = YES;
				GENERATE_INFOPLIST_FILE = YES;
				INFOPLIST_FILE = PublicIPToolbar/Info.plist;
				INFOPLIST_KEY_CFBundleDisplayName = "My Public IP";
				INFOPLIST_KEY_LSApplicationCategoryType = "public.app-category.utilities";
				INFOPLIST_KEY_LSUIElement = YES;
				INFOPLIST_KEY_NSHumanReadableCopyright = "";
				LD_RUNPATH_SEARCH_PATHS = (
					"$(inherited)",
					"@executable_path/../Frameworks",
				);
				MARKETING_VERSION = 1.0;
				PRODUCT_BUNDLE_IDENTIFIER = uk.co.freshsauce.PublicIPToolbar;
				PRODUCT_NAME = "$(TARGET_NAME)";
				PROVISIONING_PROFILE_SPECIFIER = "";
				SWIFT_EMIT_LOC_STRINGS = YES;
				SWIFT_VERSION = 5.0;
			};
			name = Release;
		};
		56B3B35D2CB19BF00008C9DB /* Debug */ = {
			isa = XCBuildConfiguration;
			buildSettings = {
				BUNDLE_LOADER = "$(TEST_HOST)";
				"CODE_SIGN_IDENTITY[sdk=macosx*]" = "-";
				CODE_SIGN_STYLE = Automatic;
				CURRENT_PROJECT_VERSION = 1;
				DEAD_CODE_STRIPPING = YES;
				DEVELOPMENT_TEAM = B3N35J72F6;
				GENERATE_INFOPLIST_FILE = YES;
				MACOSX_DEPLOYMENT_TARGET = 15.0;
				MARKETING_VERSION = 1.0;
				PRODUCT_BUNDLE_IDENTIFIER = freshsauce.co.uk.PublicIPToolbarTests;
				PRODUCT_NAME = "$(TARGET_NAME)";
				SWIFT_EMIT_LOC_STRINGS = NO;
				SWIFT_VERSION = 5.0;
				TEST_HOST = "$(BUILT_PRODUCTS_DIR)/PublicIPToolbar.app/$(BUNDLE_EXECUTABLE_FOLDER_PATH)/PublicIPToolbar";
			};
			name = Debug;
		};
		56B3B35E2CB19BF00008C9DB /* Release */ = {
			isa = XCBuildConfiguration;
			buildSettings = {
				BUNDLE_LOADER = "$(TEST_HOST)";
				"CODE_SIGN_IDENTITY[sdk=macosx*]" = "-";
				CODE_SIGN_STYLE = Automatic;
				CURRENT_PROJECT_VERSION = 1;
				DEAD_CODE_STRIPPING = YES;
				DEVELOPMENT_TEAM = B3N35J72F6;
				GENERATE_INFOPLIST_FILE = YES;
				MACOSX_DEPLOYMENT_TARGET = 15.0;
				MARKETING_VERSION = 1.0;
				PRODUCT_BUNDLE_IDENTIFIER = freshsauce.co.uk.PublicIPToolbarTests;
				PRODUCT_NAME = "$(TARGET_NAME)";
				SWIFT_EMIT_LOC_STRINGS = NO;
				SWIFT_VERSION = 5.0;
				TEST_HOST = "$(BUILT_PRODUCTS_DIR)/PublicIPToolbar.app/$(BUNDLE_EXECUTABLE_FOLDER_PATH)/PublicIPToolbar";
			};
			name = Release;
		};
		56B3B3602CB19BF00008C9DB /* Debug */ = {
			isa = XCBuildConfiguration;
			buildSettings = {
				CODE_SIGN_STYLE = Automatic;
				CURRENT_PROJECT_VERSION = 1;
				DEAD_CODE_STRIPPING = YES;
				GENERATE_INFOPLIST_FILE = YES;
				MARKETING_VERSION = 1.0;
				PRODUCT_BUNDLE_IDENTIFIER = freshsauce.co.uk.PublicIPToolbarUITests;
				PRODUCT_NAME = "$(TARGET_NAME)";
				SWIFT_EMIT_LOC_STRINGS = NO;
				SWIFT_VERSION = 5.0;
				TEST_TARGET_NAME = PublicIPToolbar;
			};
			name = Debug;
		};
		56B3B3612CB19BF00008C9DB /* Release */ = {
			isa = XCBuildConfiguration;
			buildSettings = {
				CODE_SIGN_STYLE = Automatic;
				CURRENT_PROJECT_VERSION = 1;
				DEAD_CODE_STRIPPING = YES;
				GENERATE_INFOPLIST_FILE = YES;
				MARKETING_VERSION = 1.0;
				PRODUCT_BUNDLE_IDENTIFIER = freshsauce.co.uk.PublicIPToolbarUITests;
				PRODUCT_NAME = "$(TARGET_NAME)";
				SWIFT_EMIT_LOC_STRINGS = NO;
				SWIFT_VERSION = 5.0;
				TEST_TARGET_NAME = PublicIPToolbar;
			};
			name = Release;
		};
/* End XCBuildConfiguration section */

/* Begin XCConfigurationList section */
		561E3F712CB3CBC9004707E6 /* Build configuration list for PBXNativeTarget "PublicIPHelper" */ = {
			isa = XCConfigurationList;
			buildConfigurations = (
				561E3F722CB3CBC9004707E6 /* Debug */,
				561E3F732CB3CBC9004707E6 /* Release */,
			);
			defaultConfigurationIsVisible = 0;
			defaultConfigurationName = Release;
		};
		561E3F742CB3CBC9004707E6 /* Build configuration list for PBXNativeTarget "PublicIPHelperTests" */ = {
			isa = XCConfigurationList;
			buildConfigurations = (
				561E3F752CB3CBC9004707E6 /* Debug */,
				561E3F762CB3CBC9004707E6 /* Release */,
			);
			defaultConfigurationIsVisible = 0;
			defaultConfigurationName = Release;
		};
		561E3F772CB3CBC9004707E6 /* Build configuration list for PBXNativeTarget "PublicIPHelperUITests" */ = {
			isa = XCConfigurationList;
			buildConfigurations = (
				561E3F782CB3CBC9004707E6 /* Debug */,
				561E3F792CB3CBC9004707E6 /* Release */,
			);
			defaultConfigurationIsVisible = 0;
			defaultConfigurationName = Release;
		};
		56B3B32F2CB19BEC0008C9DB /* Build configuration list for PBXProject "PublicIPToolbar" */ = {
			isa = XCConfigurationList;
			buildConfigurations = (
				56B3B3572CB19BF00008C9DB /* Debug */,
				56B3B3582CB19BF00008C9DB /* Release */,
			);
			defaultConfigurationIsVisible = 0;
			defaultConfigurationName = Release;
		};
		56B3B3592CB19BF00008C9DB /* Build configuration list for PBXNativeTarget "PublicIPToolbar" */ = {
			isa = XCConfigurationList;
			buildConfigurations = (
				56B3B35A2CB19BF00008C9DB /* Debug */,
				56B3B35B2CB19BF00008C9DB /* Release */,
			);
			defaultConfigurationIsVisible = 0;
			defaultConfigurationName = Release;
		};
		56B3B35C2CB19BF00008C9DB /* Build configuration list for PBXNativeTarget "PublicIPToolbarTests" */ = {
			isa = XCConfigurationList;
			buildConfigurations = (
				56B3B35D2CB19BF00008C9DB /* Debug */,
				56B3B35E2CB19BF00008C9DB /* Release */,
			);
			defaultConfigurationIsVisible = 0;
			defaultConfigurationName = Release;
		};
		56B3B35F2CB19BF00008C9DB /* Build configuration list for PBXNativeTarget "PublicIPToolbarUITests" */ = {
			isa = XCConfigurationList;
			buildConfigurations = (
				56B3B3602CB19BF00008C9DB /* Debug */,
				56B3B3612CB19BF00008C9DB /* Release */,
			);
			defaultConfigurationIsVisible = 0;
			defaultConfigurationName = Release;
		};
/* End XCConfigurationList section */
	};
	rootObject = 56B3B32C2CB19BEC0008C9DB /* Project object */;
}
